// !$*UTF8*$!
{
	archiveVersion = 1;
	classes = {
	};
	objectVersion = 50;
	objects = {

/* Begin PBXBuildFile section */
		1613A0A021FB154B0090506F /* Assets.xcassets in Resources */ = {isa = PBXBuildFile; fileRef = 1613A09521FB154B0090506F /* Assets.xcassets */; };
		1613A0A121FB154B0090506F /* ViewController.m in Sources */ = {isa = PBXBuildFile; fileRef = 1613A09621FB154B0090506F /* ViewController.m */; };
		1613A0A221FB154B0090506F /* Main.storyboard in Resources */ = {isa = PBXBuildFile; fileRef = 1613A09721FB154B0090506F /* Main.storyboard */; };
		1613A0A321FB154B0090506F /* main.m in Sources */ = {isa = PBXBuildFile; fileRef = 1613A09B21FB154B0090506F /* main.m */; };
		1613A0A421FB154B0090506F /* AppDelegate.m in Sources */ = {isa = PBXBuildFile; fileRef = 1613A09C21FB154B0090506F /* AppDelegate.m */; };
		1613A0A521FB154B0090506F /* Info.plist in Resources */ = {isa = PBXBuildFile; fileRef = 1613A09D21FB154B0090506F /* Info.plist */; };
		1613A0A921FB15590090506F /* FileSystemDemoTests.m in Sources */ = {isa = PBXBuildFile; fileRef = 1613A0A721FB15590090506F /* FileSystemDemoTests.m */; };
		1613A0AA21FB15590090506F /* Info.plist in Resources */ = {isa = PBXBuildFile; fileRef = 1613A0A821FB15590090506F /* Info.plist */; };
		1613A0AE21FB15630090506F /* FileSystemDemoUITests.m in Sources */ = {isa = PBXBuildFile; fileRef = 1613A0AC21FB15630090506F /* FileSystemDemoUITests.m */; };
		1613A0AF21FB15630090506F /* Info.plist in Resources */ = {isa = PBXBuildFile; fileRef = 1613A0AD21FB15630090506F /* Info.plist */; };
		1613A0B321FB15C10090506F /* TBFileMonitor.m in Sources */ = {isa = PBXBuildFile; fileRef = 1613A0B121FB15C10090506F /* TBFileMonitor.m */; };
/* End PBXBuildFile section */

/* Begin PBXContainerItemProxy section */
		1650A05721EDF322009BA9C3 /* PBXContainerItemProxy */ = {
			isa = PBXContainerItemProxy;
			containerPortal = 1650A03821EDF320009BA9C3 /* Project object */;
			proxyType = 1;
			remoteGlobalIDString = 1650A03F21EDF320009BA9C3;
			remoteInfo = FileSystemDemo;
		};
		1650A06221EDF322009BA9C3 /* PBXContainerItemProxy */ = {
			isa = PBXContainerItemProxy;
			containerPortal = 1650A03821EDF320009BA9C3 /* Project object */;
			proxyType = 1;
			remoteGlobalIDString = 1650A03F21EDF320009BA9C3;
			remoteInfo = FileSystemDemo;
		};
/* End PBXContainerItemProxy section */

/* Begin PBXFileReference section */
		1613A09421FB154B0090506F /* AppDelegate.h */ = {isa = PBXFileReference; fileEncoding = 4; lastKnownFileType = sourcecode.c.h; path = AppDelegate.h; sourceTree = "<group>"; };
		1613A09521FB154B0090506F /* Assets.xcassets */ = {isa = PBXFileReference; lastKnownFileType = folder.assetcatalog; path = Assets.xcassets; sourceTree = "<group>"; };
		1613A09621FB154B0090506F /* ViewController.m */ = {isa = PBXFileReference; fileEncoding = 4; lastKnownFileType = sourcecode.c.objc; path = ViewController.m; sourceTree = "<group>"; };
		1613A09821FB154B0090506F /* Base */ = {isa = PBXFileReference; lastKnownFileType = file.storyboard; name = Base; path = Base.lproj/Main.storyboard; sourceTree = "<group>"; };
		1613A09921FB154B0090506F /* FileMonitorDemo.entitlements */ = {isa = PBXFileReference; fileEncoding = 4; lastKnownFileType = text.plist.entitlements; path = FileMonitorDemo.entitlements; sourceTree = "<group>"; };
		1613A09B21FB154B0090506F /* main.m */ = {isa = PBXFileReference; fileEncoding = 4; lastKnownFileType = sourcecode.c.objc; path = main.m; sourceTree = "<group>"; };
		1613A09C21FB154B0090506F /* AppDelegate.m */ = {isa = PBXFileReference; fileEncoding = 4; lastKnownFileType = sourcecode.c.objc; path = AppDelegate.m; sourceTree = "<group>"; };
		1613A09D21FB154B0090506F /* Info.plist */ = {isa = PBXFileReference; fileEncoding = 4; lastKnownFileType = text.plist.xml; path = Info.plist; sourceTree = "<group>"; };
		1613A09E21FB154B0090506F /* ViewController.h */ = {isa = PBXFileReference; fileEncoding = 4; lastKnownFileType = sourcecode.c.h; path = ViewController.h; sourceTree = "<group>"; };
		1613A0A721FB15590090506F /* FileSystemDemoTests.m */ = {isa = PBXFileReference; fileEncoding = 4; lastKnownFileType = sourcecode.c.objc; path = FileSystemDemoTests.m; sourceTree = "<group>"; };
		1613A0A821FB15590090506F /* Info.plist */ = {isa = PBXFileReference; fileEncoding = 4; lastKnownFileType = text.plist.xml; path = Info.plist; sourceTree = "<group>"; };
		1613A0AC21FB15630090506F /* FileSystemDemoUITests.m */ = {isa = PBXFileReference; fileEncoding = 4; lastKnownFileType = sourcecode.c.objc; path = FileSystemDemoUITests.m; sourceTree = "<group>"; };
		1613A0AD21FB15630090506F /* Info.plist */ = {isa = PBXFileReference; fileEncoding = 4; lastKnownFileType = text.plist.xml; path = Info.plist; sourceTree = "<group>"; };
		1613A0B121FB15C10090506F /* TBFileMonitor.m */ = {isa = PBXFileReference; fileEncoding = 4; lastKnownFileType = sourcecode.c.objc; path = TBFileMonitor.m; sourceTree = "<group>"; };
		1613A0B221FB15C10090506F /* TBFileMonitor.h */ = {isa = PBXFileReference; fileEncoding = 4; lastKnownFileType = sourcecode.c.h; path = TBFileMonitor.h; sourceTree = "<group>"; };
		1650A04021EDF320009BA9C3 /* FileMonitorDemo.app */ = {isa = PBXFileReference; explicitFileType = wrapper.application; includeInIndex = 0; path = FileMonitorDemo.app; sourceTree = BUILT_PRODUCTS_DIR; };
		1650A05621EDF322009BA9C3 /* FileMonitorDemoTests.xctest */ = {isa = PBXFileReference; explicitFileType = wrapper.cfbundle; includeInIndex = 0; path = FileMonitorDemoTests.xctest; sourceTree = BUILT_PRODUCTS_DIR; };
		1650A06121EDF322009BA9C3 /* FileMonitorDemoUITests.xctest */ = {isa = PBXFileReference; explicitFileType = wrapper.cfbundle; includeInIndex = 0; path = FileMonitorDemoUITests.xctest; sourceTree = BUILT_PRODUCTS_DIR; };
/* End PBXFileReference section */

/* Begin PBXFrameworksBuildPhase section */
		1650A03D21EDF320009BA9C3 /* Frameworks */ = {
			isa = PBXFrameworksBuildPhase;
			buildActionMask = 2147483647;
			files = (
			);
			runOnlyForDeploymentPostprocessing = 0;
		};
		1650A05321EDF322009BA9C3 /* Frameworks */ = {
			isa = PBXFrameworksBuildPhase;
			buildActionMask = 2147483647;
			files = (
			);
			runOnlyForDeploymentPostprocessing = 0;
		};
		1650A05E21EDF322009BA9C3 /* Frameworks */ = {
			isa = PBXFrameworksBuildPhase;
			buildActionMask = 2147483647;
			files = (
			);
			runOnlyForDeploymentPostprocessing = 0;
		};
/* End PBXFrameworksBuildPhase section */

/* Begin PBXGroup section */
		1613A09221FB154B0090506F /* FileMonitorDemo */ = {
			isa = PBXGroup;
			children = (
				1613A09421FB154B0090506F /* AppDelegate.h */,
				1613A09C21FB154B0090506F /* AppDelegate.m */,
				1613A09621FB154B0090506F /* ViewController.m */,
				1613A09E21FB154B0090506F /* ViewController.h */,
				1613A0B021FB15C10090506F /* FileMonitorClasses */,
				1613A09721FB154B0090506F /* Main.storyboard */,
				1613A09921FB154B0090506F /* FileMonitorDemo.entitlements */,
				1613A09521FB154B0090506F /* Assets.xcassets */,
				1613A09B21FB154B0090506F /* main.m */,
				1613A09D21FB154B0090506F /* Info.plist */,
			);
			path = FileMonitorDemo;
			sourceTree = "<group>";
		};
		1613A0A621FB15590090506F /* FileMonitorDemoTests */ = {
			isa = PBXGroup;
			children = (
				1613A0A721FB15590090506F /* FileSystemDemoTests.m */,
				1613A0A821FB15590090506F /* Info.plist */,
			);
			path = FileMonitorDemoTests;
			sourceTree = "<group>";
		};
		1613A0AB21FB15630090506F /* FileMonitorDemoUITests */ = {
			isa = PBXGroup;
			children = (
				1613A0AC21FB15630090506F /* FileSystemDemoUITests.m */,
				1613A0AD21FB15630090506F /* Info.plist */,
			);
			path = FileMonitorDemoUITests;
			sourceTree = "<group>";
		};
		1613A0B021FB15C10090506F /* FileMonitorClasses */ = {
			isa = PBXGroup;
			children = (
				1613A0B121FB15C10090506F /* TBFileMonitor.m */,
				1613A0B221FB15C10090506F /* TBFileMonitor.h */,
			);
			path = FileMonitorClasses;
			sourceTree = "<group>";
		};
		1650A03721EDF320009BA9C3 = {
			isa = PBXGroup;
			children = (
				1613A09221FB154B0090506F /* FileMonitorDemo */,
				1613A0A621FB15590090506F /* FileMonitorDemoTests */,
				1613A0AB21FB15630090506F /* FileMonitorDemoUITests */,
				1650A04121EDF320009BA9C3 /* Products */,
				8F736796D54BC2A64CD92F54 /* Frameworks */,
			);
			sourceTree = "<group>";
		};
		1650A04121EDF320009BA9C3 /* Products */ = {
			isa = PBXGroup;
			children = (
				1650A04021EDF320009BA9C3 /* FileMonitorDemo.app */,
				1650A05621EDF322009BA9C3 /* FileMonitorDemoTests.xctest */,
				1650A06121EDF322009BA9C3 /* FileMonitorDemoUITests.xctest */,
			);
			name = Products;
			sourceTree = "<group>";
		};
		8F736796D54BC2A64CD92F54 /* Frameworks */ = {
			isa = PBXGroup;
			children = (
			);
			name = Frameworks;
			sourceTree = "<group>";
		};
/* End PBXGroup section */

/* Begin PBXNativeTarget section */
		1650A03F21EDF320009BA9C3 /* FileMonitorDemo */ = {
			isa = PBXNativeTarget;
			buildConfigurationList = 1650A06A21EDF322009BA9C3 /* Build configuration list for PBXNativeTarget "FileMonitorDemo" */;
			buildPhases = (
				1650A03C21EDF320009BA9C3 /* Sources */,
				1650A03D21EDF320009BA9C3 /* Frameworks */,
				1650A03E21EDF320009BA9C3 /* Resources */,
			);
			buildRules = (
			);
			dependencies = (
			);
			name = FileMonitorDemo;
			productName = FileSystemDemo;
			productReference = 1650A04021EDF320009BA9C3 /* FileMonitorDemo.app */;
			productType = "com.apple.product-type.application";
		};
		1650A05521EDF322009BA9C3 /* FileMonitorDemoTests */ = {
			isa = PBXNativeTarget;
			buildConfigurationList = 1650A06D21EDF322009BA9C3 /* Build configuration list for PBXNativeTarget "FileMonitorDemoTests" */;
			buildPhases = (
				1650A05221EDF322009BA9C3 /* Sources */,
				1650A05321EDF322009BA9C3 /* Frameworks */,
				1650A05421EDF322009BA9C3 /* Resources */,
			);
			buildRules = (
			);
			dependencies = (
				1650A05821EDF322009BA9C3 /* PBXTargetDependency */,
			);
			name = FileMonitorDemoTests;
			productName = FileSystemDemoTests;
			productReference = 1650A05621EDF322009BA9C3 /* FileMonitorDemoTests.xctest */;
			productType = "com.apple.product-type.bundle.unit-test";
		};
		1650A06021EDF322009BA9C3 /* FileMonitorDemoUITests */ = {
			isa = PBXNativeTarget;
			buildConfigurationList = 1650A07021EDF322009BA9C3 /* Build configuration list for PBXNativeTarget "FileMonitorDemoUITests" */;
			buildPhases = (
				1650A05D21EDF322009BA9C3 /* Sources */,
				1650A05E21EDF322009BA9C3 /* Frameworks */,
				1650A05F21EDF322009BA9C3 /* Resources */,
			);
			buildRules = (
			);
			dependencies = (
				1650A06321EDF322009BA9C3 /* PBXTargetDependency */,
			);
			name = FileMonitorDemoUITests;
			productName = FileSystemDemoUITests;
			productReference = 1650A06121EDF322009BA9C3 /* FileMonitorDemoUITests.xctest */;
			productType = "com.apple.product-type.bundle.ui-testing";
		};
/* End PBXNativeTarget section */

/* Begin PBXProject section */
		1650A03821EDF320009BA9C3 /* Project object */ = {
			isa = PBXProject;
			attributes = {
				LastUpgradeCheck = 1000;
				ORGANIZATIONNAME = wujungao;
				TargetAttributes = {
					1650A03F21EDF320009BA9C3 = {
						CreatedOnToolsVersion = 10.0;
					};
					1650A05521EDF322009BA9C3 = {
						CreatedOnToolsVersion = 10.0;
						TestTargetID = 1650A03F21EDF320009BA9C3;
					};
					1650A06021EDF322009BA9C3 = {
						CreatedOnToolsVersion = 10.0;
						TestTargetID = 1650A03F21EDF320009BA9C3;
					};
				};
			};
			buildConfigurationList = 1650A03B21EDF320009BA9C3 /* Build configuration list for PBXProject "FileMonitorDemo" */;
			compatibilityVersion = "Xcode 9.3";
			developmentRegion = en;
			hasScannedForEncodings = 0;
			knownRegions = (
				en,
				Base,
			);
			mainGroup = 1650A03721EDF320009BA9C3;
			productRefGroup = 1650A04121EDF320009BA9C3 /* Products */;
			projectDirPath = "";
			projectRoot = "";
			targets = (
				1650A03F21EDF320009BA9C3 /* FileMonitorDemo */,
				1650A05521EDF322009BA9C3 /* FileMonitorDemoTests */,
				1650A06021EDF322009BA9C3 /* FileMonitorDemoUITests */,
			);
		};
/* End PBXProject section */

/* Begin PBXResourcesBuildPhase section */
		1650A03E21EDF320009BA9C3 /* Resources */ = {
			isa = PBXResourcesBuildPhase;
			buildActionMask = 2147483647;
			files = (
				1613A0A021FB154B0090506F /* Assets.xcassets in Resources */,
				1613A0A221FB154B0090506F /* Main.storyboard in Resources */,
				1613A0A521FB154B0090506F /* Info.plist in Resources */,
			);
			runOnlyForDeploymentPostprocessing = 0;
		};
		1650A05421EDF322009BA9C3 /* Resources */ = {
			isa = PBXResourcesBuildPhase;
			buildActionMask = 2147483647;
			files = (
				1613A0AA21FB15590090506F /* Info.plist in Resources */,
			);
			runOnlyForDeploymentPostprocessing = 0;
		};
		1650A05F21EDF322009BA9C3 /* Resources */ = {
			isa = PBXResourcesBuildPhase;
			buildActionMask = 2147483647;
			files = (
				1613A0AF21FB15630090506F /* Info.plist in Resources */,
			);
			runOnlyForDeploymentPostprocessing = 0;
		};
/* End PBXResourcesBuildPhase section */

/* Begin PBXSourcesBuildPhase section */
		1650A03C21EDF320009BA9C3 /* Sources */ = {
			isa = PBXSourcesBuildPhase;
			buildActionMask = 2147483647;
			files = (
				1613A0A421FB154B0090506F /* AppDelegate.m in Sources */,
				1613A0B321FB15C10090506F /* TBFileMonitor.m in Sources */,
				1613A0A121FB154B0090506F /* ViewController.m in Sources */,
				1613A0A321FB154B0090506F /* main.m in Sources */,
			);
			runOnlyForDeploymentPostprocessing = 0;
		};
		1650A05221EDF322009BA9C3 /* Sources */ = {
			isa = PBXSourcesBuildPhase;
			buildActionMask = 2147483647;
			files = (
				1613A0A921FB15590090506F /* FileSystemDemoTests.m in Sources */,
			);
			runOnlyForDeploymentPostprocessing = 0;
		};
		1650A05D21EDF322009BA9C3 /* Sources */ = {
			isa = PBXSourcesBuildPhase;
			buildActionMask = 2147483647;
			files = (
				1613A0AE21FB15630090506F /* FileSystemDemoUITests.m in Sources */,
			);
			runOnlyForDeploymentPostprocessing = 0;
		};
/* End PBXSourcesBuildPhase section */

/* Begin PBXTargetDependency section */
		1650A05821EDF322009BA9C3 /* PBXTargetDependency */ = {
			isa = PBXTargetDependency;
			target = 1650A03F21EDF320009BA9C3 /* FileMonitorDemo */;
			targetProxy = 1650A05721EDF322009BA9C3 /* PBXContainerItemProxy */;
		};
		1650A06321EDF322009BA9C3 /* PBXTargetDependency */ = {
			isa = PBXTargetDependency;
			target = 1650A03F21EDF320009BA9C3 /* FileMonitorDemo */;
			targetProxy = 1650A06221EDF322009BA9C3 /* PBXContainerItemProxy */;
		};
/* End PBXTargetDependency section */

/* Begin PBXVariantGroup section */
		1613A09721FB154B0090506F /* Main.storyboard */ = {
			isa = PBXVariantGroup;
			children = (
				1613A09821FB154B0090506F /* Base */,
			);
			name = Main.storyboard;
			sourceTree = "<group>";
		};
/* End PBXVariantGroup section */

/* Begin XCBuildConfiguration section */
		1650A06821EDF322009BA9C3 /* Debug */ = {
			isa = XCBuildConfiguration;
			buildSettings = {
				ALWAYS_SEARCH_USER_PATHS = NO;
				CLANG_ANALYZER_NONNULL = YES;
				CLANG_ANALYZER_NUMBER_OBJECT_CONVERSION = YES_AGGRESSIVE;
				CLANG_CXX_LANGUAGE_STANDARD = "gnu++14";
				CLANG_CXX_LIBRARY = "libc++";
				CLANG_ENABLE_MODULES = YES;
				CLANG_ENABLE_OBJC_ARC = YES;
				CLANG_ENABLE_OBJC_WEAK = YES;
				CLANG_WARN_BLOCK_CAPTURE_AUTORELEASING = YES;
				CLANG_WARN_BOOL_CONVERSION = YES;
				CLANG_WARN_COMMA = YES;
				CLANG_WARN_CONSTANT_CONVERSION = YES;
				CLANG_WARN_DEPRECATED_OBJC_IMPLEMENTATIONS = YES;
				CLANG_WARN_DIRECT_OBJC_ISA_USAGE = YES_ERROR;
				CLANG_WARN_DOCUMENTATION_COMMENTS = YES;
				CLANG_WARN_EMPTY_BODY = YES;
				CLANG_WARN_ENUM_CONVERSION = YES;
				CLANG_WARN_INFINITE_RECURSION = YES;
				CLANG_WARN_INT_CONVERSION = YES;
				CLANG_WARN_NON_LITERAL_NULL_CONVERSION = YES;
				CLANG_WARN_OBJC_IMPLICIT_RETAIN_SELF = YES;
				CLANG_WARN_OBJC_LITERAL_CONVERSION = YES;
				CLANG_WARN_OBJC_ROOT_CLASS = YES_ERROR;
				CLANG_WARN_RANGE_LOOP_ANALYSIS = YES;
				CLANG_WARN_STRICT_PROTOTYPES = YES;
				CLANG_WARN_SUSPICIOUS_MOVE = YES;
				CLANG_WARN_UNGUARDED_AVAILABILITY = YES_AGGRESSIVE;
				CLANG_WARN_UNREACHABLE_CODE = YES;
				CLANG_WARN__DUPLICATE_METHOD_MATCH = YES;
				CODE_SIGN_IDENTITY = "-";
				COPY_PHASE_STRIP = NO;
				DEBUG_INFORMATION_FORMAT = dwarf;
				ENABLE_STRICT_OBJC_MSGSEND = YES;
				ENABLE_TESTABILITY = YES;
				GCC_C_LANGUAGE_STANDARD = gnu11;
				GCC_DYNAMIC_NO_PIC = NO;
				GCC_NO_COMMON_BLOCKS = YES;
				GCC_OPTIMIZATION_LEVEL = 0;
				GCC_PREPROCESSOR_DEFINITIONS = (
					"DEBUG=1",
					"$(inherited)",
				);
				GCC_WARN_64_TO_32_BIT_CONVERSION = YES;
				GCC_WARN_ABOUT_RETURN_TYPE = YES_ERROR;
				GCC_WARN_UNDECLARED_SELECTOR = YES;
				GCC_WARN_UNINITIALIZED_AUTOS = YES_AGGRESSIVE;
				GCC_WARN_UNUSED_FUNCTION = YES;
				GCC_WARN_UNUSED_VARIABLE = YES;
				MACOSX_DEPLOYMENT_TARGET = 10.13;
				MTL_ENABLE_DEBUG_INFO = INCLUDE_SOURCE;
				MTL_FAST_MATH = YES;
				ONLY_ACTIVE_ARCH = YES;
				SDKROOT = macosx;
			};
			name = Debug;
		};
		1650A06921EDF322009BA9C3 /* Release */ = {
			isa = XCBuildConfiguration;
			buildSettings = {
				ALWAYS_SEARCH_USER_PATHS = NO;
				CLANG_ANALYZER_NONNULL = YES;
				CLANG_ANALYZER_NUMBER_OBJECT_CONVERSION = YES_AGGRESSIVE;
				CLANG_CXX_LANGUAGE_STANDARD = "gnu++14";
				CLANG_CXX_LIBRARY = "libc++";
				CLANG_ENABLE_MODULES = YES;
				CLANG_ENABLE_OBJC_ARC = YES;
				CLANG_ENABLE_OBJC_WEAK = YES;
				CLANG_WARN_BLOCK_CAPTURE_AUTORELEASING = YES;
				CLANG_WARN_BOOL_CONVERSION = YES;
				CLANG_WARN_COMMA = YES;
				CLANG_WARN_CONSTANT_CONVERSION = YES;
				CLANG_WARN_DEPRECATED_OBJC_IMPLEMENTATIONS = YES;
				CLANG_WARN_DIRECT_OBJC_ISA_USAGE = YES_ERROR;
				CLANG_WARN_DOCUMENTATION_COMMENTS = YES;
				CLANG_WARN_EMPTY_BODY = YES;
				CLANG_WARN_ENUM_CONVERSION = YES;
				CLANG_WARN_INFINITE_RECURSION = YES;
				CLANG_WARN_INT_CONVERSION = YES;
				CLANG_WARN_NON_LITERAL_NULL_CONVERSION = YES;
				CLANG_WARN_OBJC_IMPLICIT_RETAIN_SELF = YES;
				CLANG_WARN_OBJC_LITERAL_CONVERSION = YES;
				CLANG_WARN_OBJC_ROOT_CLASS = YES_ERROR;
				CLANG_WARN_RANGE_LOOP_ANALYSIS = YES;
				CLANG_WARN_STRICT_PROTOTYPES = YES;
				CLANG_WARN_SUSPICIOUS_MOVE = YES;
				CLANG_WARN_UNGUARDED_AVAILABILITY = YES_AGGRESSIVE;
				CLANG_WARN_UNREACHABLE_CODE = YES;
				CLANG_WARN__DUPLICATE_METHOD_MATCH = YES;
				CODE_SIGN_IDENTITY = "-";
				COPY_PHASE_STRIP = NO;
				DEBUG_INFORMATION_FORMAT = "dwarf-with-dsym";
				ENABLE_NS_ASSERTIONS = NO;
				ENABLE_STRICT_OBJC_MSGSEND = YES;
				GCC_C_LANGUAGE_STANDARD = gnu11;
				GCC_NO_COMMON_BLOCKS = YES;
				GCC_WARN_64_TO_32_BIT_CONVERSION = YES;
				GCC_WARN_ABOUT_RETURN_TYPE = YES_ERROR;
				GCC_WARN_UNDECLARED_SELECTOR = YES;
				GCC_WARN_UNINITIALIZED_AUTOS = YES_AGGRESSIVE;
				GCC_WARN_UNUSED_FUNCTION = YES;
				GCC_WARN_UNUSED_VARIABLE = YES;
				MACOSX_DEPLOYMENT_TARGET = 10.13;
				MTL_ENABLE_DEBUG_INFO = NO;
				MTL_FAST_MATH = YES;
				SDKROOT = macosx;
			};
			name = Release;
		};
		1650A06B21EDF322009BA9C3 /* Debug */ = {
			isa = XCBuildConfiguration;
			buildSettings = {
				ASSETCATALOG_COMPILER_APPICON_NAME = AppIcon;
				CODE_SIGN_ENTITLEMENTS = FileMonitorDemo/FileMonitorDemo.entitlements;
				CODE_SIGN_STYLE = Automatic;
				COMBINE_HIDPI_IMAGES = YES;
				INFOPLIST_FILE = FileMonitorDemo/Info.plist;
				LD_RUNPATH_SEARCH_PATHS = (
					"$(inherited)",
					"@executable_path/../Frameworks",
				);
				PRODUCT_BUNDLE_IDENTIFIER = demo.proj.FileMonitorDemo;
				PRODUCT_NAME = "$(TARGET_NAME)";
			};
			name = Debug;
		};
		1650A06C21EDF322009BA9C3 /* Release */ = {
			isa = XCBuildConfiguration;
			buildSettings = {
				ASSETCATALOG_COMPILER_APPICON_NAME = AppIcon;
				CODE_SIGN_ENTITLEMENTS = FileMonitorDemo/FileMonitorDemo.entitlements;
				CODE_SIGN_STYLE = Automatic;
				COMBINE_HIDPI_IMAGES = YES;
				INFOPLIST_FILE = FileMonitorDemo/Info.plist;
				LD_RUNPATH_SEARCH_PATHS = (
					"$(inherited)",
					"@executable_path/../Frameworks",
				);
				PRODUCT_BUNDLE_IDENTIFIER = demo.proj.FileMonitorDemo;
				PRODUCT_NAME = "$(TARGET_NAME)";
			};
			name = Release;
		};
		1650A06E21EDF322009BA9C3 /* Debug */ = {
			isa = XCBuildConfiguration;
			buildSettings = {
				BUNDLE_LOADER = "$(TEST_HOST)";
				CODE_SIGN_STYLE = Automatic;
				COMBINE_HIDPI_IMAGES = YES;
				INFOPLIST_FILE = FileSystemDemoTests/Info.plist;
				LD_RUNPATH_SEARCH_PATHS = (
					"$(inherited)",
					"@executable_path/../Frameworks",
					"@loader_path/../Frameworks",
				);
				PRODUCT_BUNDLE_IDENTIFIER = demo.proj.FileSystemDemoTests;
				PRODUCT_NAME = "$(TARGET_NAME)";
				TEST_HOST = "$(BUILT_PRODUCTS_DIR)/FileSystemDemo.app/Contents/MacOS/FileSystemDemo";
			};
			name = Debug;
		};
		1650A06F21EDF322009BA9C3 /* Release */ = {
			isa = XCBuildConfiguration;
			buildSettings = {
				BUNDLE_LOADER = "$(TEST_HOST)";
				CODE_SIGN_STYLE = Automatic;
				COMBINE_HIDPI_IMAGES = YES;
				INFOPLIST_FILE = FileSystemDemoTests/Info.plist;
				LD_RUNPATH_SEARCH_PATHS = (
					"$(inherited)",
					"@executable_path/../Frameworks",
					"@loader_path/../Frameworks",
				);
				PRODUCT_BUNDLE_IDENTIFIER = demo.proj.FileSystemDemoTests;
				PRODUCT_NAME = "$(TARGET_NAME)";
				TEST_HOST = "$(BUILT_PRODUCTS_DIR)/FileSystemDemo.app/Contents/MacOS/FileSystemDemo";
			};
			name = Release;
		};
		1650A07121EDF322009BA9C3 /* Debug */ = {
			isa = XCBuildConfiguration;
			buildSettings = {
				CODE_SIGN_STYLE = Automatic;
				COMBINE_HIDPI_IMAGES = YES;
				INFOPLIST_FILE = FileSystemDemoUITests/Info.plist;
				LD_RUNPATH_SEARCH_PATHS = (
					"$(inherited)",
					"@executable_path/../Frameworks",
					"@loader_path/../Frameworks",
				);
				PRODUCT_BUNDLE_IDENTIFIER = demo.proj.FileSystemDemoUITests;
				PRODUCT_NAME = "$(TARGET_NAME)";
				TEST_TARGET_NAME = FileSystemDemo;
			};
			name = Debug;
		};
		1650A07221EDF322009BA9C3 /* Release */ = {
			isa = XCBuildConfiguration;
			buildSettings = {
				CODE_SIGN_STYLE = Automatic;
				COMBINE_HIDPI_IMAGES = YES;
				INFOPLIST_FILE = FileSystemDemoUITests/Info.plist;
				LD_RUNPATH_SEARCH_PATHS = (
					"$(inherited)",
					"@executable_path/../Frameworks",
					"@loader_path/../Frameworks",
				);
				PRODUCT_BUNDLE_IDENTIFIER = demo.proj.FileSystemDemoUITests;
				PRODUCT_NAME = "$(TARGET_NAME)";
				TEST_TARGET_NAME = FileSystemDemo;
			};
			name = Release;
		};
/* End XCBuildConfiguration section */

/* Begin XCConfigurationList section */
		1650A03B21EDF320009BA9C3 /* Build configuration list for PBXProject "FileMonitorDemo" */ = {
			isa = XCConfigurationList;
			buildConfigurations = (
				1650A06821EDF322009BA9C3 /* Debug */,
				1650A06921EDF322009BA9C3 /* Release */,
			);
			defaultConfigurationIsVisible = 0;
			defaultConfigurationName = Release;
		};
		1650A06A21EDF322009BA9C3 /* Build configuration list for PBXNativeTarget "FileMonitorDemo" */ = {
			isa = XCConfigurationList;
			buildConfigurations = (
				1650A06B21EDF322009BA9C3 /* Debug */,
				1650A06C21EDF322009BA9C3 /* Release */,
			);
			defaultConfigurationIsVisible = 0;
			defaultConfigurationName = Release;
		};
		1650A06D21EDF322009BA9C3 /* Build configuration list for PBXNativeTarget "FileMonitorDemoTests" */ = {
			isa = XCConfigurationList;
			buildConfigurations = (
				1650A06E21EDF322009BA9C3 /* Debug */,
				1650A06F21EDF322009BA9C3 /* Release */,
			);
			defaultConfigurationIsVisible = 0;
			defaultConfigurationName = Release;
		};
		1650A07021EDF322009BA9C3 /* Build configuration list for PBXNativeTarget "FileMonitorDemoUITests" */ = {
			isa = XCConfigurationList;
			buildConfigurations = (
				1650A07121EDF322009BA9C3 /* Debug */,
				1650A07221EDF322009BA9C3 /* Release */,
			);
			defaultConfigurationIsVisible = 0;
			defaultConfigurationName = Release;
		};
/* End XCConfigurationList section */
	};
	rootObject = 1650A03821EDF320009BA9C3 /* Project object */;
}
